
Microsoft Visual Studio Solution File, Format Version 12.00
# Visual Studio Version 17
VisualStudioVersion = 17.14.35906.104
MinimumVisualStudioVersion = 10.0.40219.1
Project("{FAE04EC0-301F-11D3-BF4B-00C04F79EFBC}") = "MauiGraphicsMcp", "MauiGraphicsMcp.csproj", "{C20DF8DC-E18C-452B-8C84-076B1DC222E5}"
EndProject
Global
	GlobalSection(SolutionConfigurationPlatforms) = preSolution
		Debug|Any CPU = Debug|Any CPU
		Release|Any CPU = Release|Any CPU
	EndGlobalSection
	GlobalSection(ProjectConfigurationPlatforms) = postSolution
		{C20DF8DC-E18C-452B-8C84-076B1DC222E5}.Debug|Any CPU.ActiveCfg = Debug|Any CPU
		{C20DF8DC-E18C-452B-8C84-076B1DC222E5}.Debug|Any CPU.Build.0 = Debug|Any CPU
		{C20DF8DC-E18C-452B-8C84-076B1DC222E5}.Release|Any CPU.ActiveCfg = Release|Any CPU
		{C20DF8DC-E18C-452B-8C84-076B1DC222E5}.Release|Any CPU.Build.0 = Release|Any CPU
	EndGlobalSection
	GlobalSection(SolutionProperties) = preSolution
		HideSolutionNode = FALSE
	EndGlobalSection
	GlobalSection(ExtensibilityGlobals) = postSolution
		SolutionGuid = {31C70F2A-D3F9-4FD8-801B-4136914A07EA}
	EndGlobalSection
EndGlobal
